// !$*UTF8*$!
{
	archiveVersion = 1;
	classes = {
	};
	objectVersion = 56;
	objects = {

/* Begin PBXBuildFile section */
		194F974C2C6C9E610041EB13 /* AppDelegate.swift in Sources */ = {isa = PBXBuildFile; fileRef = 194F974B2C6C9E610041EB13 /* AppDelegate.swift */; };
		194F974E2C6C9E610041EB13 /* SceneDelegate.swift in Sources */ = {isa = PBXBuildFile; fileRef = 194F974D2C6C9E610041EB13 /* SceneDelegate.swift */; };
		194F97502C6C9E610041EB13 /* ViewController.swift in Sources */ = {isa = PBXBuildFile; fileRef = 194F974F2C6C9E610041EB13 /* ViewController.swift */; };
		194F97532C6C9E610041EB13 /* Base in Resources */ = {isa = PBXBuildFile; fileRef = 194F97522C6C9E610041EB13 /* Base */; };
		194F97552C6C9E620041EB13 /* Assets.xcassets in Resources */ = {isa = PBXBuildFile; fileRef = 194F97542C6C9E620041EB13 /* Assets.xcassets */; };
		194F97582C6C9E620041EB13 /* Base in Resources */ = {isa = PBXBuildFile; fileRef = 194F97572C6C9E620041EB13 /* Base */; };
		19E4B84B2C6CA45E00D25ED3 /* PassChecker.swift in Sources */ = {isa = PBXBuildFile; fileRef = 19E4B84A2C6CA45E00D25ED3 /* PassChecker.swift */; };
		19E4B84D2C6CA4AF00D25ED3 /* Alert.swift in Sources */ = {isa = PBXBuildFile; fileRef = 19E4B84C2C6CA4AF00D25ED3 /* Alert.swift */; };
/* End PBXBuildFile section */

/* Begin PBXFileReference section */
		194F97482C6C9E610041EB13 /* version2.app */ = {isa = PBXFileReference; explicitFileType = wrapper.application; includeInIndex = 0; path = version2.app; sourceTree = BUILT_PRODUCTS_DIR; };
		194F974B2C6C9E610041EB13 /* AppDelegate.swift */ = {isa = PBXFileReference; lastKnownFileType = sourcecode.swift; path = AppDelegate.swift; sourceTree = "<group>"; };
		194F974D2C6C9E610041EB13 /* SceneDelegate.swift */ = {isa = PBXFileReference; lastKnownFileType = sourcecode.swift; path = SceneDelegate.swift; sourceTree = "<group>"; };
		194F974F2C6C9E610041EB13 /* ViewController.swift */ = {isa = PBXFileReference; lastKnownFileType = sourcecode.swift; path = ViewController.swift; sourceTree = "<group>"; };
		194F97522C6C9E610041EB13 /* Base */ = {isa = PBXFileReference; lastKnownFileType = file.storyboard; name = Base; path = Base.lproj/Main.storyboard; sourceTree = "<group>"; };
		194F97542C6C9E620041EB13 /* Assets.xcassets */ = {isa = PBXFileReference; lastKnownFileType = folder.assetcatalog; path = Assets.xcassets; sourceTree = "<group>"; };
		194F97572C6C9E620041EB13 /* Base */ = {isa = PBXFileReference; lastKnownFileType = file.storyboard; name = Base; path = Base.lproj/LaunchScreen.storyboard; sourceTree = "<group>"; };
		194F97592C6C9E620041EB13 /* Info.plist */ = {isa = PBXFileReference; lastKnownFileType = text.plist.xml; path = Info.plist; sourceTree = "<group>"; };
		19E4B84A2C6CA45E00D25ED3 /* PassChecker.swift */ = {isa = PBXFileReference; lastKnownFileType = sourcecode.swift; path = PassChecker.swift; sourceTree = "<group>"; };
		19E4B84C2C6CA4AF00D25ED3 /* Alert.swift */ = {isa = PBXFileReference; lastKnownFileType = sourcecode.swift; path = Alert.swift; sourceTree = "<group>"; };
		19E4B8522C6CA6D900D25ED3 /* Poppins-Black.ttf */ = {isa = PBXFileReference; lastKnownFileType = file; path = "Poppins-Black.ttf"; sourceTree = "<group>"; };
		19E4B8532C6CA6DF00D25ED3 /* Poppins-Bold.ttf */ = {isa = PBXFileReference; lastKnownFileType = file; path = "Poppins-Bold.ttf"; sourceTree = "<group>"; };
		19E4B8542C6CA6EA00D25ED3 /* Poppins-Light.ttf */ = {isa = PBXFileReference; lastKnownFileType = file; path = "Poppins-Light.ttf"; sourceTree = "<group>"; };
		19E4B8552C6CA6F000D25ED3 /* Poppins-Medium.ttf */ = {isa = PBXFileReference; lastKnownFileType = file; path = "Poppins-Medium.ttf"; sourceTree = "<group>"; };
		19E4B8562C6CA6F700D25ED3 /* Poppins-Regular.ttf */ = {isa = PBXFileReference; lastKnownFileType = file; path = "Poppins-Regular.ttf"; sourceTree = "<group>"; };
		19E4B8572C6CA6FB00D25ED3 /* Poppins-SemiBold.ttf */ = {isa = PBXFileReference; lastKnownFileType = file; path = "Poppins-SemiBold.ttf"; sourceTree = "<group>"; };
		19E4B8582C6CA70000D25ED3 /* Poppins-Thin.ttf */ = {isa = PBXFileReference; lastKnownFileType = file; path = "Poppins-Thin.ttf"; sourceTree = "<group>"; };
/* End PBXFileReference section */

/* Begin PBXFrameworksBuildPhase section */
		194F97452C6C9E600041EB13 /* Frameworks */ = {
			isa = PBXFrameworksBuildPhase;
			buildActionMask = 2147483647;
			files = (
			);
			runOnlyForDeploymentPostprocessing = 0;
		};
/* End PBXFrameworksBuildPhase section */

/* Begin PBXGroup section */
		194F973F2C6C9E600041EB13 = {
			isa = PBXGroup;
			children = (
				194F974A2C6C9E610041EB13 /* version2 */,
				194F97492C6C9E610041EB13 /* Products */,
			);
			sourceTree = "<group>";
		};
		194F97492C6C9E610041EB13 /* Products */ = {
			isa = PBXGroup;
			children = (
				194F97482C6C9E610041EB13 /* version2.app */,
			);
			name = Products;
			sourceTree = "<group>";
		};
		194F974A2C6C9E610041EB13 /* version2 */ = {
			isa = PBXGroup;
			children = (
				19E4B8512C6CA6BC00D25ED3 /* fonts */,
				19E4B84E2C6CA4D400D25ED3 /* support */,
				19E4B84F2C6CA4E200D25ED3 /* DefinedClasses */,
				194F974F2C6C9E610041EB13 /* ViewController.swift */,
				194F97512C6C9E610041EB13 /* Main.storyboard */,
				194F97542C6C9E620041EB13 /* Assets.xcassets */,
				194F97562C6C9E620041EB13 /* LaunchScreen.storyboard */,
				194F97592C6C9E620041EB13 /* Info.plist */,
			);
			path = version2;
			sourceTree = "<group>";
		};
		19E4B84E2C6CA4D400D25ED3 /* support */ = {
			isa = PBXGroup;
			children = (
				194F974D2C6C9E610041EB13 /* SceneDelegate.swift */,
				194F974B2C6C9E610041EB13 /* AppDelegate.swift */,
			);
			path = support;
			sourceTree = "<group>";
		};
		19E4B84F2C6CA4E200D25ED3 /* DefinedClasses */ = {
			isa = PBXGroup;
			children = (
				19E4B84A2C6CA45E00D25ED3 /* PassChecker.swift */,
				19E4B84C2C6CA4AF00D25ED3 /* Alert.swift */,
			);
			path = DefinedClasses;
			sourceTree = "<group>";
		};
		19E4B8512C6CA6BC00D25ED3 /* fonts */ = {
			isa = PBXGroup;
			children = (
				19E4B8522C6CA6D900D25ED3 /* Poppins-Black.ttf */,
				19E4B8532C6CA6DF00D25ED3 /* Poppins-Bold.ttf */,
				19E4B8542C6CA6EA00D25ED3 /* Poppins-Light.ttf */,
				19E4B8552C6CA6F000D25ED3 /* Poppins-Medium.ttf */,
				19E4B8562C6CA6F700D25ED3 /* Poppins-Regular.ttf */,
				19E4B8572C6CA6FB00D25ED3 /* Poppins-SemiBold.ttf */,
				19E4B8582C6CA70000D25ED3 /* Poppins-Thin.ttf */,
			);
			path = fonts;
			sourceTree = "<group>";
		};
/* End PBXGroup section */

/* Begin PBXNativeTarget section */
		194F97472C6C9E600041EB13 /* version2 */ = {
			isa = PBXNativeTarget;
			buildConfigurationList = 194F975C2C6C9E620041EB13 /* Build configuration list for PBXNativeTarget "version2" */;
			buildPhases = (
				194F97442C6C9E600041EB13 /* Sources */,
				194F97452C6C9E600041EB13 /* Frameworks */,
				194F97462C6C9E600041EB13 /* Resources */,
			);
			buildRules = (
			);
			dependencies = (
			);
			name = version2;
			productName = version2;
			productReference = 194F97482C6C9E610041EB13 /* version2.app */;
			productType = "com.apple.product-type.application";
		};
/* End PBXNativeTarget section */

/* Begin PBXProject section */
		194F97402C6C9E600041EB13 /* Project object */ = {
			isa = PBXProject;
			attributes = {
				BuildIndependentTargetsInParallel = 1;
				LastSwiftUpdateCheck = 1540;
				LastUpgradeCheck = 1540;
				TargetAttributes = {
					194F97472C6C9E600041EB13 = {
						CreatedOnToolsVersion = 15.4;
					};
				};
			};
			buildConfigurationList = 194F97432C6C9E600041EB13 /* Build configuration list for PBXProject "version2" */;
			compatibilityVersion = "Xcode 14.0";
			developmentRegion = en;
			hasScannedForEncodings = 0;
			knownRegions = (
				en,
				Base,
			);
			mainGroup = 194F973F2C6C9E600041EB13;
			productRefGroup = 194F97492C6C9E610041EB13 /* Products */;
			projectDirPath = "";
			projectRoot = "";
			targets = (
				194F97472C6C9E600041EB13 /* version2 */,
			);
		};
/* End PBXProject section */

/* Begin PBXResourcesBuildPhase section */
		194F97462C6C9E600041EB13 /* Resources */ = {
			isa = PBXResourcesBuildPhase;
			buildActionMask = 2147483647;
			files = (
				194F97552C6C9E620041EB13 /* Assets.xcassets in Resources */,
				194F97582C6C9E620041EB13 /* Base in Resources */,
				194F97532C6C9E610041EB13 /* Base in Resources */,
			);
			runOnlyForDeploymentPostprocessing = 0;
		};
/* End PBXResourcesBuildPhase section */

/* Begin PBXSourcesBuildPhase section */
		194F97442C6C9E600041EB13 /* Sources */ = {
			isa = PBXSourcesBuildPhase;
			buildActionMask = 2147483647;
			files = (
				19E4B84B2C6CA45E00D25ED3 /* PassChecker.swift in Sources */,
				194F97502C6C9E610041EB13 /* ViewController.swift in Sources */,
				194F974C2C6C9E610041EB13 /* AppDelegate.swift in Sources */,
				19E4B84D2C6CA4AF00D25ED3 /* Alert.swift in Sources */,
				194F974E2C6C9E610041EB13 /* SceneDelegate.swift in Sources */,
			);
			runOnlyForDeploymentPostprocessing = 0;
		};
/* End PBXSourcesBuildPhase section */

/* Begin PBXVariantGroup section */
		194F97512C6C9E610041EB13 /* Main.storyboard */ = {
			isa = PBXVariantGroup;
			children = (
				194F97522C6C9E610041EB13 /* Base */,
			);
			name = Main.storyboard;
			sourceTree = "<group>";
		};
		194F97562C6C9E620041EB13 /* LaunchScreen.storyboard */ = {
			isa = PBXVariantGroup;
			children = (
				194F97572C6C9E620041EB13 /* Base */,
			);
			name = LaunchScreen.storyboard;
			sourceTree = "<group>";
		};
/* End PBXVariantGroup section */

/* Begin XCBuildConfiguration section */
		194F975A2C6C9E620041EB13 /* Debug */ = {
			isa = XCBuildConfiguration;
			buildSettings = {
				ALWAYS_SEARCH_USER_PATHS = NO;
				ASSETCATALOG_COMPILER_GENERATE_SWIFT_ASSET_SYMBOL_EXTENSIONS = YES;
				CLANG_ANALYZER_NONNULL = YES;
				CLANG_ANALYZER_NUMBER_OBJECT_CONVERSION = YES_AGGRESSIVE;
				CLANG_CXX_LANGUAGE_STANDARD = "gnu++20";
				CLANG_ENABLE_MODULES = YES;
				CLANG_ENABLE_OBJC_ARC = YES;
				CLANG_ENABLE_OBJC_WEAK = YES;
				CLANG_WARN_BLOCK_CAPTURE_AUTORELEASING = YES;
				CLANG_WARN_BOOL_CONVERSION = YES;
				CLANG_WARN_COMMA = YES;
				CLANG_WARN_CONSTANT_CONVERSION = YES;
				CLANG_WARN_DEPRECATED_OBJC_IMPLEMENTATIONS = YES;
				CLANG_WARN_DIRECT_OBJC_ISA_USAGE = YES_ERROR;
				CLANG_WARN_DOCUMENTATION_COMMENTS = YES;
				CLANG_WARN_EMPTY_BODY = YES;
				CLANG_WARN_ENUM_CONVERSION = YES;
				CLANG_WARN_INFINITE_RECURSION = YES;
				CLANG_WARN_INT_CONVERSION = YES;
				CLANG_WARN_NON_LITERAL_NULL_CONVERSION = YES;
				CLANG_WARN_OBJC_IMPLICIT_RETAIN_SELF = YES;
				CLANG_WARN_OBJC_LITERAL_CONVERSION = YES;
				CLANG_WARN_OBJC_ROOT_CLASS = YES_ERROR;
				CLANG_WARN_QUOTED_INCLUDE_IN_FRAMEWORK_HEADER = YES;
				CLANG_WARN_RANGE_LOOP_ANALYSIS = YES;
				CLANG_WARN_STRICT_PROTOTYPES = YES;
				CLANG_WARN_SUSPICIOUS_MOVE = YES;
				CLANG_WARN_UNGUARDED_AVAILABILITY = YES_AGGRESSIVE;
				CLANG_WARN_UNREACHABLE_CODE = YES;
				CLANG_WARN__DUPLICATE_METHOD_MATCH = YES;
				COPY_PHASE_STRIP = NO;
				DEBUG_INFORMATION_FORMAT = dwarf;
				ENABLE_STRICT_OBJC_MSGSEND = YES;
				ENABLE_TESTABILITY = YES;
				ENABLE_USER_SCRIPT_SANDBOXING = YES;
				GCC_C_LANGUAGE_STANDARD = gnu17;
				GCC_DYNAMIC_NO_PIC = NO;
				GCC_NO_COMMON_BLOCKS = YES;
				GCC_OPTIMIZATION_LEVEL = 0;
				GCC_PREPROCESSOR_DEFINITIONS = (
					"DEBUG=1",
					"$(inherited)",
				);
				GCC_WARN_64_TO_32_BIT_CONVERSION = YES;
				GCC_WARN_ABOUT_RETURN_TYPE = YES_ERROR;
				GCC_WARN_UNDECLARED_SELECTOR = YES;
				GCC_WARN_UNINITIALIZED_AUTOS = YES_AGGRESSIVE;
				GCC_WARN_UNUSED_FUNCTION = YES;
				GCC_WARN_UNUSED_VARIABLE = YES;
				IPHONEOS_DEPLOYMENT_TARGET = 17.5;
				LOCALIZATION_PREFERS_STRING_CATALOGS = YES;
				MTL_ENABLE_DEBUG_INFO = INCLUDE_SOURCE;
				MTL_FAST_MATH = YES;
				ONLY_ACTIVE_ARCH = YES;
				SDKROOT = iphoneos;
				SWIFT_ACTIVE_COMPILATION_CONDITIONS = "DEBUG $(inherited)";
				SWIFT_OPTIMIZATION_LEVEL = "-Onone";
			};
			name = Debug;
		};
		194F975B2C6C9E620041EB13 /* Release */ = {
			isa = XCBuildConfiguration;
			buildSettings = {
				ALWAYS_SEARCH_USER_PATHS = NO;
				ASSETCATALOG_COMPILER_GENERATE_SWIFT_ASSET_SYMBOL_EXTENSIONS = YES;
				CLANG_ANALYZER_NONNULL = YES;
				CLANG_ANALYZER_NUMBER_OBJECT_CONVERSION = YES_AGGRESSIVE;
				CLANG_CXX_LANGUAGE_STANDARD = "gnu++20";
				CLANG_ENABLE_MODULES = YES;
				CLANG_ENABLE_OBJC_ARC = YES;
				CLANG_ENABLE_OBJC_WEAK = YES;
				CLANG_WARN_BLOCK_CAPTURE_AUTORELEASING = YES;
				CLANG_WARN_BOOL_CONVERSION = YES;
				CLANG_WARN_COMMA = YES;
				CLANG_WARN_CONSTANT_CONVERSION = YES;
				CLANG_WARN_DEPRECATED_OBJC_IMPLEMENTATIONS = YES;
				CLANG_WARN_DIRECT_OBJC_ISA_USAGE = YES_ERROR;
				CLANG_WARN_DOCUMENTATION_COMMENTS = YES;
				CLANG_WARN_EMPTY_BODY = YES;
				CLANG_WARN_ENUM_CONVERSION = YES;
				CLANG_WARN_INFINITE_RECURSION = YES;
				CLANG_WARN_INT_CONVERSION = YES;
				CLANG_WARN_NON_LITERAL_NULL_CONVERSION = YES;
				CLANG_WARN_OBJC_IMPLICIT_RETAIN_SELF = YES;
				CLANG_WARN_OBJC_LITERAL_CONVERSION = YES;
				CLANG_WARN_OBJC_ROOT_CLASS = YES_ERROR;
				CLANG_WARN_QUOTED_INCLUDE_IN_FRAMEWORK_HEADER = YES;
				CLANG_WARN_RANGE_LOOP_ANALYSIS = YES;
				CLANG_WARN_STRICT_PROTOTYPES = YES;
				CLANG_WARN_SUSPICIOUS_MOVE = YES;
				CLANG_WARN_UNGUARDED_AVAILABILITY = YES_AGGRESSIVE;
				CLANG_WARN_UNREACHABLE_CODE = YES;
				CLANG_WARN__DUPLICATE_METHOD_MATCH = YES;
				COPY_PHASE_STRIP = NO;
				DEBUG_INFORMATION_FORMAT = "dwarf-with-dsym";
				ENABLE_NS_ASSERTIONS = NO;
				ENABLE_STRICT_OBJC_MSGSEND = YES;
				ENABLE_USER_SCRIPT_SANDBOXING = YES;
				GCC_C_LANGUAGE_STANDARD = gnu17;
				GCC_NO_COMMON_BLOCKS = YES;
				GCC_WARN_64_TO_32_BIT_CONVERSION = YES;
				GCC_WARN_ABOUT_RETURN_TYPE = YES_ERROR;
				GCC_WARN_UNDECLARED_SELECTOR = YES;
				GCC_WARN_UNINITIALIZED_AUTOS = YES_AGGRESSIVE;
				GCC_WARN_UNUSED_FUNCTION = YES;
				GCC_WARN_UNUSED_VARIABLE = YES;
				IPHONEOS_DEPLOYMENT_TARGET = 17.5;
				LOCALIZATION_PREFERS_STRING_CATALOGS = YES;
				MTL_ENABLE_DEBUG_INFO = NO;
				MTL_FAST_MATH = YES;
				SDKROOT = iphoneos;
				SWIFT_COMPILATION_MODE = wholemodule;
				VALIDATE_PRODUCT = YES;
			};
			name = Release;
		};
		194F975D2C6C9E620041EB13 /* Debug */ = {
			isa = XCBuildConfiguration;
			buildSettings = {
				ASSETCATALOG_COMPILER_APPICON_NAME = AppIcon;
				ASSETCATALOG_COMPILER_GLOBAL_ACCENT_COLOR_NAME = AccentColor;
				CODE_SIGN_STYLE = Automatic;
				CURRENT_PROJECT_VERSION = 1;
				GENERATE_INFOPLIST_FILE = YES;
				INFOPLIST_FILE = version2/Info.plist;
				INFOPLIST_KEY_UIApplicationSupportsIndirectInputEvents = YES;
				INFOPLIST_KEY_UILaunchStoryboardName = LaunchScreen;
				INFOPLIST_KEY_UIMainStoryboardFile = Main;
				INFOPLIST_KEY_UISupportedInterfaceOrientations_iPad = "UIInterfaceOrientationPortrait UIInterfaceOrientationPortraitUpsideDown UIInterfaceOrientationLandscapeLeft UIInterfaceOrientationLandscapeRight";
				INFOPLIST_KEY_UISupportedInterfaceOrientations_iPhone = "UIInterfaceOrientationPortrait UIInterfaceOrientationLandscapeLeft UIInterfaceOrientationLandscapeRight";
				LD_RUNPATH_SEARCH_PATHS = (
					"$(inherited)",
					"@executable_path/Frameworks",
				);
				MARKETING_VERSION = 1.0;
				PRODUCT_BUNDLE_IDENTIFIER = "learning-hammasir.version2";
				PRODUCT_NAME = "$(TARGET_NAME)";
				SWIFT_EMIT_LOC_STRINGS = YES;
				SWIFT_VERSION = 5.0;
				TARGETED_DEVICE_FAMILY = "1,2";
			};
			name = Debug;
		};
		194F975E2C6C9E620041EB13 /* Release */ = {
			isa = XCBuildConfiguration;
			buildSettings = {
				ASSETCATALOG_COMPILER_APPICON_NAME = AppIcon;
				ASSETCATALOG_COMPILER_GLOBAL_ACCENT_COLOR_NAME = AccentColor;
				CODE_SIGN_STYLE = Automatic;
				CURRENT_PROJECT_VERSION = 1;
				GENERATE_INFOPLIST_FILE = YES;
				INFOPLIST_FILE = version2/Info.plist;
				INFOPLIST_KEY_UIApplicationSupportsIndirectInputEvents = YES;
				INFOPLIST_KEY_UILaunchStoryboardName = LaunchScreen;
				INFOPLIST_KEY_UIMainStoryboardFile = Main;
				INFOPLIST_KEY_UISupportedInterfaceOrientations_iPad = "UIInterfaceOrientationPortrait UIInterfaceOrientationPortraitUpsideDown UIInterfaceOrientationLandscapeLeft UIInterfaceOrientationLandscapeRight";
				INFOPLIST_KEY_UISupportedInterfaceOrientations_iPhone = "UIInterfaceOrientationPortrait UIInterfaceOrientationLandscapeLeft UIInterfaceOrientationLandscapeRight";
				LD_RUNPATH_SEARCH_PATHS = (
					"$(inherited)",
					"@executable_path/Frameworks",
				);
				MARKETING_VERSION = 1.0;
				PRODUCT_BUNDLE_IDENTIFIER = "learning-hammasir.version2";
				PRODUCT_NAME = "$(TARGET_NAME)";
				SWIFT_EMIT_LOC_STRINGS = YES;
				SWIFT_VERSION = 5.0;
				TARGETED_DEVICE_FAMILY = "1,2";
			};
			name = Release;
		};
/* End XCBuildConfiguration section */

/* Begin XCConfigurationList section */
		194F97432C6C9E600041EB13 /* Build configuration list for PBXProject "version2" */ = {
			isa = XCConfigurationList;
			buildConfigurations = (
				194F975A2C6C9E620041EB13 /* Debug */,
				194F975B2C6C9E620041EB13 /* Release */,
			);
			defaultConfigurationIsVisible = 0;
			defaultConfigurationName = Release;
		};
		194F975C2C6C9E620041EB13 /* Build configuration list for PBXNativeTarget "version2" */ = {
			isa = XCConfigurationList;
			buildConfigurations = (
				194F975D2C6C9E620041EB13 /* Debug */,
				194F975E2C6C9E620041EB13 /* Release */,
			);
			defaultConfigurationIsVisible = 0;
			defaultConfigurationName = Release;
		};
/* End XCConfigurationList section */
	};
	rootObject = 194F97402C6C9E600041EB13 /* Project object */;
}
